    1  testlib/z008_10.05  test.synth/z0080.10.00
    1  testlib/z008_10.00  test.synth/z0080.10.00
    1  testlib/z008_09.95  test.synth/z0080.10.00
    2  testlib/z008_09.90  test.synth/z0080.09.80
    2  testlib/z008_09.85  test.synth/z0080.09.80
    2  testlib/z008_09.80  test.synth/z0080.09.80
    2  testlib/z008_09.75  test.synth/z0080.09.80
    3  testlib/z008_09.70  test.synth/z0080.09.60
    3  testlib/z008_09.65  test.synth/z0080.09.60
    3  testlib/z008_09.60  test.synth/z0080.09.60
    3  testlib/z008_09.55  test.synth/z0080.09.60
    4  testlib/z008_09.50  test.synth/z0080.09.40
    4  testlib/z008_09.45  test.synth/z0080.09.40
    4  testlib/z008_09.40  test.synth/z0080.09.40
    4  testlib/z008_09.35  test.synth/z0080.09.40
    5  testlib/z008_09.30  test.synth/z0080.09.20
    5  testlib/z008_09.25  test.synth/z0080.09.20
    5  testlib/z008_09.20  test.synth/z0080.09.20
    5  testlib/z008_09.15  test.synth/z0080.09.20
    6  testlib/z008_09.10  test.synth/z0080.09.00
    6  testlib/z008_09.05  test.synth/z0080.09.00
    6  testlib/z008_09.00  test.synth/z0080.09.00
    6  testlib/z008_08.95  test.synth/z0080.09.00
    7  testlib/z008_08.90  test.synth/z0080.08.80
    7  testlib/z008_08.85  test.synth/z0080.08.80
    7  testlib/z008_08.80  test.synth/z0080.08.80
    7  testlib/z008_08.75  test.synth/z0080.08.80
    8  testlib/z008_08.70  test.synth/z0080.08.60
    8  testlib/z008_08.65  test.synth/z0080.08.60
    8  testlib/z008_08.60  test.synth/z0080.08.60
    8  testlib/z008_08.55  test.synth/z0080.08.60
    9  testlib/z008_08.50  test.synth/z0080.08.40
    9  testlib/z008_08.45  test.synth/z0080.08.40
    9  testlib/z008_08.40  test.synth/z0080.08.40
    9  testlib/z008_08.35  test.synth/z0080.08.40
   10  testlib/z008_08.30  test.synth/z0080.08.20
   10  testlib/z008_08.25  test.synth/z0080.08.20
   10  testlib/z008_08.20  test.synth/z0080.08.20
   10  testlib/z008_08.15  test.synth/z0080.08.20
   11  testlib/z008_08.10  test.synth/z0080.08.00
   11  testlib/z008_08.05  test.synth/z0080.08.00
   11  testlib/z008_08.00  test.synth/z0080.08.00
   11  testlib/z008_07.95  test.synth/z0080.08.00
   12  testlib/z008_07.90  test.synth/z0080.07.80
   12  testlib/z008_07.85  test.synth/z0080.07.80
   12  testlib/z008_07.80  test.synth/z0080.07.80
   12  testlib/z008_07.75  test.synth/z0080.07.80
   13  testlib/z008_07.70  test.synth/z0080.07.60
   13  testlib/z008_07.65  test.synth/z0080.07.60
   13  testlib/z008_07.60  test.synth/z0080.07.60
   13  testlib/z008_07.55  test.synth/z0080.07.60
   14  testlib/z008_07.50  test.synth/z0080.07.40
   14  testlib/z008_07.45  test.synth/z0080.07.40
   14  testlib/z008_07.40  test.synth/z0080.07.40
   14  testlib/z008_07.35  test.synth/z0080.07.40
   15  testlib/z008_07.30  test.synth/z0080.07.20
   15  testlib/z008_07.25  test.synth/z0080.07.20
   15  testlib/z008_07.20  test.synth/z0080.07.20
   15  testlib/z008_07.15  test.synth/z0080.07.20
   16  testlib/z008_07.10  test.synth/z0080.07.00
   16  testlib/z008_07.05  test.synth/z0080.07.00
   16  testlib/z008_07.00  test.synth/z0080.07.00
   16  testlib/z008_06.95  test.synth/z0080.07.00
   17  testlib/z008_06.90  test.synth/z0080.06.80
   17  testlib/z008_06.85  test.synth/z0080.06.80
   17  testlib/z008_06.80  test.synth/z0080.06.80
   17  testlib/z008_06.75  test.synth/z0080.06.80
   18  testlib/z008_06.70  test.synth/z0080.06.60
   18  testlib/z008_06.65  test.synth/z0080.06.60
   18  testlib/z008_06.60  test.synth/z0080.06.60
   19  testlib/z004_10.05  test.synth/z0040.10.00
   19  testlib/z004_10.00  test.synth/z0040.10.00
   19  testlib/z004_09.95  test.synth/z0040.10.00
   20  testlib/z004_09.90  test.synth/z0040.09.80
   20  testlib/z004_09.85  test.synth/z0040.09.80
   20  testlib/z004_09.80  test.synth/z0040.09.80
   20  testlib/z004_09.75  test.synth/z0040.09.80
   21  testlib/z004_09.70  test.synth/z0040.09.60
   21  testlib/z004_09.65  test.synth/z0040.09.60
   21  testlib/z004_09.60  test.synth/z0040.09.60
   21  testlib/z004_09.55  test.synth/z0040.09.60
   22  testlib/z004_09.50  test.synth/z0040.09.40
   22  testlib/z004_09.45  test.synth/z0040.09.40
   22  testlib/z004_09.40  test.synth/z0040.09.40
   22  testlib/z004_09.35  test.synth/z0040.09.40
   23  testlib/z004_09.30  test.synth/z0040.09.20
   23  testlib/z004_09.25  test.synth/z0040.09.20
   23  testlib/z004_09.20  test.synth/z0040.09.20
   23  testlib/z004_09.15  test.synth/z0040.09.20
   24  testlib/z004_09.10  test.synth/z0040.09.00
   24  testlib/z004_09.05  test.synth/z0040.09.00
   24  testlib/z004_09.00  test.synth/z0040.09.00
   24  testlib/z004_08.95  test.synth/z0040.09.00
   25  testlib/z004_08.90  test.synth/z0040.08.80
   25  testlib/z004_08.85  test.synth/z0040.08.80
   25  testlib/z004_08.80  test.synth/z0040.08.80
   25  testlib/z004_08.75  test.synth/z0040.08.80
   26  testlib/z004_08.70  test.synth/z0040.08.60
   26  testlib/z004_08.65  test.synth/z0040.08.60
   26  testlib/z004_08.60  test.synth/z0040.08.60
   26  testlib/z004_08.55  test.synth/z0040.08.60
   27  testlib/z004_08.50  test.synth/z0040.08.40
   27  testlib/z004_08.45  test.synth/z0040.08.40
   27  testlib/z004_08.40  test.synth/z0040.08.40
   27  testlib/z004_08.35  test.synth/z0040.08.40
   28  testlib/z004_08.30  test.synth/z0040.08.20
   28  testlib/z004_08.25  test.synth/z0040.08.20
   28  testlib/z004_08.20  test.synth/z0040.08.20
   28  testlib/z004_08.15  test.synth/z0040.08.20
   29  testlib/z004_08.10  test.synth/z0040.08.00
   29  testlib/z004_08.05  test.synth/z0040.08.00
   29  testlib/z004_08.00  test.synth/z0040.08.00
   29  testlib/z004_07.95  test.synth/z0040.08.00
   30  testlib/z004_07.90  test.synth/z0040.07.80
   30  testlib/z004_07.85  test.synth/z0040.07.80
   30  testlib/z004_07.80  test.synth/z0040.07.80
   30  testlib/z004_07.75  test.synth/z0040.07.80
   31  testlib/z004_07.70  test.synth/z0040.07.60
   31  testlib/z004_07.65  test.synth/z0040.07.60
   31  testlib/z004_07.60  test.synth/z0040.07.60
   31  testlib/z004_07.55  test.synth/z0040.07.60
   32  testlib/z004_07.50  test.synth/z0040.07.40
   32  testlib/z004_07.45  test.synth/z0040.07.40
   32  testlib/z004_07.40  test.synth/z0040.07.40
   32  testlib/z004_07.35  test.synth/z0040.07.40
   33  testlib/z004_07.30  test.synth/z0040.07.20
   33  testlib/z004_07.25  test.synth/z0040.07.20
   33  testlib/z004_07.20  test.synth/z0040.07.20
   33  testlib/z004_07.15  test.synth/z0040.07.20
   34  testlib/z004_07.10  test.synth/z0040.07.00
   34  testlib/z004_07.05  test.synth/z0040.07.00
   34  testlib/z004_07.00  test.synth/z0040.07.00
   34  testlib/z004_06.95  test.synth/z0040.07.00
   35  testlib/z004_06.90  test.synth/z0040.06.80
   35  testlib/z004_06.85  test.synth/z0040.06.80
   35  testlib/z004_06.80  test.synth/z0040.06.80
   35  testlib/z004_06.75  test.synth/z0040.06.80
   36  testlib/z004_06.70  test.synth/z0040.06.60
   36  testlib/z004_06.65  test.synth/z0040.06.60
   36  testlib/z004_06.60  test.synth/z0040.06.60
   37  testlib/z001_10.05  test.synth/z0010.10.00
   37  testlib/z001_10.00  test.synth/z0010.10.00
   37  testlib/z001_09.95  test.synth/z0010.10.00
   38  testlib/z001_09.90  test.synth/z0010.09.80
   38  testlib/z001_09.85  test.synth/z0010.09.80
   38  testlib/z001_09.80  test.synth/z0010.09.80
   38  testlib/z001_09.75  test.synth/z0010.09.80
   39  testlib/z001_09.70  test.synth/z0010.09.60
   39  testlib/z001_09.65  test.synth/z0010.09.60
   39  testlib/z001_09.60  test.synth/z0010.09.60
   39  testlib/z001_09.55  test.synth/z0010.09.60
   40  testlib/z001_09.50  test.synth/z0010.09.40
   40  testlib/z001_09.45  test.synth/z0010.09.40
   40  testlib/z001_09.40  test.synth/z0010.09.40
   40  testlib/z001_09.35  test.synth/z0010.09.40
   41  testlib/z001_09.30  test.synth/z0010.09.20
   41  testlib/z001_09.25  test.synth/z0010.09.20
   41  testlib/z001_09.20  test.synth/z0010.09.20
   41  testlib/z001_09.15  test.synth/z0010.09.20
   42  testlib/z001_09.10  test.synth/z0010.09.00
   42  testlib/z001_09.05  test.synth/z0010.09.00
   42  testlib/z001_09.00  test.synth/z0010.09.00
   42  testlib/z001_08.95  test.synth/z0010.09.00
   43  testlib/z001_08.90  test.synth/z0010.08.80
   43  testlib/z001_08.85  test.synth/z0010.08.80
   43  testlib/z001_08.80  test.synth/z0010.08.80
   43  testlib/z001_08.75  test.synth/z0010.08.80
   44  testlib/z001_08.70  test.synth/z0010.08.60
   44  testlib/z001_08.65  test.synth/z0010.08.60
   44  testlib/z001_08.60  test.synth/z0010.08.60
   44  testlib/z001_08.55  test.synth/z0010.08.60
   45  testlib/z001_08.50  test.synth/z0010.08.40
   45  testlib/z001_08.45  test.synth/z0010.08.40
   45  testlib/z001_08.40  test.synth/z0010.08.40
   45  testlib/z001_08.35  test.synth/z0010.08.40
   46  testlib/z001_08.30  test.synth/z0010.08.20
   46  testlib/z001_08.25  test.synth/z0010.08.20
   46  testlib/z001_08.20  test.synth/z0010.08.20
   46  testlib/z001_08.15  test.synth/z0010.08.20
   47  testlib/z001_08.10  test.synth/z0010.08.00
   47  testlib/z001_08.05  test.synth/z0010.08.00
   47  testlib/z001_08.00  test.synth/z0010.08.00
